{
  "nodes": {
    "flake-utils": {
      "locked": {
        "lastModified": 1649676176,
        "narHash": "sha256-OWKJratjt2RW151VUlJPRALb7OU2S5s+f0vLj4o1bHM=",
        "owner": "numtide",
        "repo": "flake-utils",
        "rev": "a4b154ebbdc88c8498a5c7b01589addc9e9cb678",
        "type": "github"
      },
      "original": {
        "owner": "numtide",
        "repo": "flake-utils",
        "type": "github"
      }
    },
    "gitignore-source": {
      "inputs": {
        "nixpkgs": [
          "nixpkgs"
        ]
      },
      "locked": {
        "lastModified": 1646480205,
        "narHash": "sha256-kekOlTlu45vuK2L9nq8iVN17V3sB0WWPqTTW3a2SQG0=",
        "owner": "hercules-ci",
        "repo": "gitignore.nix",
        "rev": "bff2832ec341cf30acb3a4d3e2e7f1f7b590116a",
        "type": "github"
      },
      "original": {
        "owner": "hercules-ci",
        "repo": "gitignore.nix",
        "type": "github"
      }
    },
    "nixpkgs": {
      "locked": {
        "lastModified": 1650660707,
        "narHash": "sha256-O/LmSycTk5GQZcRowHhzqZlBrMmrxso52kO9Fus4z18=",
        "owner": "nixos",
        "repo": "nixpkgs",
        "rev": "fd9651770056cdbf969d55fef5cae8ff1d8ed51f",
        "type": "github"
      },
      "original": {
        "owner": "nixos",
        "repo": "nixpkgs",
        "type": "github"
      }
    },
    "root": {
      "inputs": {
        "flake-utils": "flake-utils",
        "gitignore-source": "gitignore-source",
        "nixpkgs": "nixpkgs",
        "sbt-derivation": "sbt-derivation"
      }
    },
    "sbt-derivation": {
      "locked": {
        "lastModified": 1617466857,
        "narHash": "sha256-Z7eWMLreLtiSiJ3nWDWBy1w9WNEFexkYCgT/dWZF7yo=",
        "owner": "zaninime",
        "repo": "sbt-derivation",
        "rev": "920b6f187937493371e2b1687261017e6e014cf1",
        "type": "github"
      },
      "original": {
        "owner": "zaninime",
        "repo": "sbt-derivation",
        "type": "github"
      }
    }
  },
  "root": "root",
  "version": 7
}
